
Microsoft Visual Studio Solution File, Format Version 12.00
# Visual Studio Version 16
VisualStudioVersion = 16.0.31313.79
MinimumVisualStudioVersion = 10.0.40219.1
Project("{FAE04EC0-301F-11D3-BF4B-00C04F79EFBC}") = "Notes", "Notes.csproj", "{1BF46866-DF63-4DD7-B40D-1F3625382867}"
EndProject
Global
	GlobalSection(SolutionConfigurationPlatforms) = preSolution
		Debug|Any CPU = Debug|Any CPU
		Release|Any CPU = Release|Any CPU
	EndGlobalSection
	GlobalSection(ProjectConfigurationPlatforms) = postSolution
		{1BF46866-DF63-4DD7-B40D-1F3625382867}.Debug|Any CPU.ActiveCfg = Debug|Any CPU
		{1BF46866-DF63-4DD7-B40D-1F3625382867}.Debug|Any CPU.Build.0 = Debug|Any CPU
		{1BF46866-DF63-4DD7-B40D-1F3625382867}.Release|Any CPU.ActiveCfg = Release|Any CPU
		{1BF46866-DF63-4DD7-B40D-1F3625382867}.Release|Any CPU.Build.0 = Release|Any CPU
	EndGlobalSection
	GlobalSection(SolutionProperties) = preSolution
		HideSolutionNode = FALSE
	EndGlobalSection
	GlobalSection(ExtensibilityGlobals) = postSolution
		EnterpriseLibraryConfigurationToolBinariesPathV6 = packages\EnterpriseLibrary.Common.6.0.1304.0\lib\NET45;packages\EnterpriseLibrary.Data.6.0.1304.0\lib\NET45
		SolutionGuid = {C42A7221-5CCE-445A-BB53-BA2B08A27B83}
	EndGlobalSection
EndGlobal
